
Microsoft Visual Studio Solution File, Format Version 12.00
# Visual Studio Version 16
VisualStudioVersion = 16.0.30225.117
MinimumVisualStudioVersion = 10.0.40219.1
Project("{FAE04EC0-301F-11D3-BF4B-00C04F79EFBC}") = "ETH Address Test Tool", "ETH Address Test Tool.csproj", "{055D6A1E-4448-4144-B0A0-73280787A8DB}"
EndProject
Global
	GlobalSection(SolutionConfigurationPlatforms) = preSolution
		Debug|Any CPU = Debug|Any CPU
		Release|Any CPU = Release|Any CPU
	EndGlobalSection
	GlobalSection(ProjectConfigurationPlatforms) = postSolution
		{055D6A1E-4448-4144-B0A0-73280787A8DB}.Debug|Any CPU.ActiveCfg = Debug|Any CPU
		{055D6A1E-4448-4144-B0A0-73280787A8DB}.Debug|Any CPU.Build.0 = Debug|Any CPU
		{055D6A1E-4448-4144-B0A0-73280787A8DB}.Release|Any CPU.ActiveCfg = Release|Any CPU
		{055D6A1E-4448-4144-B0A0-73280787A8DB}.Release|Any CPU.Build.0 = Release|Any CPU
	EndGlobalSection
	GlobalSection(SolutionProperties) = preSolution
		HideSolutionNode = FALSE
	EndGlobalSection
	GlobalSection(ExtensibilityGlobals) = postSolution
		SolutionGuid = {7AEDCE3D-FBEA-4631-8F09-4B355791D29C}
	EndGlobalSection
EndGlobal
